
Microsoft Visual Studio Solution File, Format Version 12.00
# Visual Studio Version 17
VisualStudioVersion = 17.6.33815.320
MinimumVisualStudioVersion = 10.0.40219.1
Project("{9A19103F-16F7-4668-BE54-9A1E7A4F7556}") = "SR2EssentialsMod", "SR2EssentialsMod.csproj", "{788BC472-59F7-46F6-B760-65C18BA74389}"
EndProject
Project("{FAE04EC0-301F-11D3-BF4B-00C04F79EFBC}") = "SR2EExampleExpansion", "..\SR2EExampleExpansion\SR2EExampleExpansion.csproj", "{AFF725DA-DB96-4B90-A050-6782EBF9F520}"
EndProject
Project("{FAE04EC0-301F-11D3-BF4B-00C04F79EFBC}") = "DocGenerator", "DocGenerator\DocGenerator.csproj", "{DAC303E2-8B18-4AE9-B047-45B5155B0614}"
EndProject
Global
	GlobalSection(SolutionConfigurationPlatforms) = preSolution
		Debug|Any CPU = Debug|Any CPU
		Release|Any CPU = Release|Any CPU
	EndGlobalSection
	GlobalSection(ProjectConfigurationPlatforms) = postSolution
		{788BC472-59F7-46F6-B760-65C18BA74389}.Release|Any CPU.ActiveCfg = Release|Any CPU
		{788BC472-59F7-46F6-B760-65C18BA74389}.Release|Any CPU.Build.0 = Release|Any CPU
		{788BC472-59F7-46F6-B760-65C18BA74389}.Release|Any CPU.Deploy.0 = Release|Any CPU
		{788BC472-59F7-46F6-B760-65C18BA74389}.Debug|Any CPU.ActiveCfg = Debug|Any CPU
		{788BC472-59F7-46F6-B760-65C18BA74389}.Debug|Any CPU.Build.0 = Debug|Any CPU
		{788BC472-59F7-46F6-B760-65C18BA74389}.Debug|Any CPU.Deploy.0 = Debug|Any CPU
		{51D3FC92-C24E-442F-B654-17004C07D8E1}.Debug|Any CPU.ActiveCfg = Debug|Any CPU
		{51D3FC92-C24E-442F-B654-17004C07D8E1}.Debug|Any CPU.Build.0 = Debug|Any CPU
		{51D3FC92-C24E-442F-B654-17004C07D8E1}.Release|Any CPU.ActiveCfg = Release|Any CPU
		{51D3FC92-C24E-442F-B654-17004C07D8E1}.Release|Any CPU.Build.0 = Release|Any CPU
		{AFF725DA-DB96-4B90-A050-6782EBF9F520}.Debug|Any CPU.ActiveCfg = Debug|Any CPU
		{AFF725DA-DB96-4B90-A050-6782EBF9F520}.Debug|Any CPU.Build.0 = Debug|Any CPU
		{AFF725DA-DB96-4B90-A050-6782EBF9F520}.Release|Any CPU.ActiveCfg = Release|Any CPU
		{AFF725DA-DB96-4B90-A050-6782EBF9F520}.Release|Any CPU.Build.0 = Release|Any CPU
		{DAC303E2-8B18-4AE9-B047-45B5155B0614}.Debug|Any CPU.ActiveCfg = Debug|Any CPU
		{DAC303E2-8B18-4AE9-B047-45B5155B0614}.Debug|Any CPU.Build.0 = Debug|Any CPU
		{DAC303E2-8B18-4AE9-B047-45B5155B0614}.Release|Any CPU.ActiveCfg = Release|Any CPU
		{DAC303E2-8B18-4AE9-B047-45B5155B0614}.Release|Any CPU.Build.0 = Release|Any CPU
	EndGlobalSection
	GlobalSection(SolutionProperties) = preSolution
		HideSolutionNode = FALSE
	EndGlobalSection
	GlobalSection(ExtensibilityGlobals) = postSolution
		SolutionGuid = {DDF15A6C-2A44-4EBE-BD85-F3EE61DCD8BF}
	EndGlobalSection
EndGlobal
